// !$*UTF8*$!
{
	archiveVersion = 1;
	classes = {
	};
	objectVersion = 56;
	objects = {

/* Begin PBXBuildFile section */
		D391E1122CB172D7002071BC /* AppDelegate.swift in Sources */ = {isa = PBXBuildFile; fileRef = D391E1112CB172D7002071BC /* AppDelegate.swift */; };
		D391E1142CB172D7002071BC /* SceneDelegate.swift in Sources */ = {isa = PBXBuildFile; fileRef = D391E1132CB172D7002071BC /* SceneDelegate.swift */; };
		D391E11B2CB172D9002071BC /* Assets.xcassets in Resources */ = {isa = PBXBuildFile; fileRef = D391E11A2CB172D9002071BC /* Assets.xcassets */; };
		D391E11E2CB172D9002071BC /* LaunchScreen.storyboard in Resources */ = {isa = PBXBuildFile; fileRef = D391E11C2CB172D9002071BC /* LaunchScreen.storyboard */; };
		D391E1292CB172D9002071BC /* eCommerce_REST_APITests.swift in Sources */ = {isa = PBXBuildFile; fileRef = D391E1282CB172D9002071BC /* eCommerce_REST_APITests.swift */; };
		D391E1332CB172D9002071BC /* eCommerce_REST_APIUITests.swift in Sources */ = {isa = PBXBuildFile; fileRef = D391E1322CB172D9002071BC /* eCommerce_REST_APIUITests.swift */; };
		D391E1352CB172D9002071BC /* eCommerce_REST_APIUITestsLaunchTests.swift in Sources */ = {isa = PBXBuildFile; fileRef = D391E1342CB172D9002071BC /* eCommerce_REST_APIUITestsLaunchTests.swift */; };
		D391E1432CB17625002071BC /* MainTabBarController.swift in Sources */ = {isa = PBXBuildFile; fileRef = D391E1422CB17625002071BC /* MainTabBarController.swift */; };
		D391E1452CB17678002071BC /* ProductViewController.swift in Sources */ = {isa = PBXBuildFile; fileRef = D391E1442CB17678002071BC /* ProductViewController.swift */; };
		D3D0AF2D2CB7B98800F63A01 /* Images.swift in Sources */ = {isa = PBXBuildFile; fileRef = D3D0AF2C2CB7B98800F63A01 /* Images.swift */; };
		D3D0AF2F2CB7B98F00F63A01 /* Colors.swift in Sources */ = {isa = PBXBuildFile; fileRef = D3D0AF2E2CB7B98F00F63A01 /* Colors.swift */; };
		D3D0AF312CB7BD5E00F63A01 /* NetworkingManager.swift in Sources */ = {isa = PBXBuildFile; fileRef = D3D0AF302CB7BD5E00F63A01 /* NetworkingManager.swift */; };
		D3D0AF352CB7C6E400F63A01 /* Kingfisher in Frameworks */ = {isa = PBXBuildFile; productRef = D3D0AF342CB7C6E400F63A01 /* Kingfisher */; };
		D3D0AF372CB7C7AE00F63A01 /* ProductCollectionViewCell.swift in Sources */ = {isa = PBXBuildFile; fileRef = D3D0AF362CB7C7AE00F63A01 /* ProductCollectionViewCell.swift */; };
/* End PBXBuildFile section */

/* Begin PBXContainerItemProxy section */
		D391E1252CB172D9002071BC /* PBXContainerItemProxy */ = {
			isa = PBXContainerItemProxy;
			containerPortal = D391E1062CB172D7002071BC /* Project object */;
			proxyType = 1;
			remoteGlobalIDString = D391E10D2CB172D7002071BC;
			remoteInfo = "eCommerce-REST-API";
		};
		D391E12F2CB172D9002071BC /* PBXContainerItemProxy */ = {
			isa = PBXContainerItemProxy;
			containerPortal = D391E1062CB172D7002071BC /* Project object */;
			proxyType = 1;
			remoteGlobalIDString = D391E10D2CB172D7002071BC;
			remoteInfo = "eCommerce-REST-API";
		};
/* End PBXContainerItemProxy section */

/* Begin PBXFileReference section */
		D391E10E2CB172D7002071BC /* eCommerce-REST-API.app */ = {isa = PBXFileReference; explicitFileType = wrapper.application; includeInIndex = 0; path = "eCommerce-REST-API.app"; sourceTree = BUILT_PRODUCTS_DIR; };
		D391E1112CB172D7002071BC /* AppDelegate.swift */ = {isa = PBXFileReference; lastKnownFileType = sourcecode.swift; path = AppDelegate.swift; sourceTree = "<group>"; };
		D391E1132CB172D7002071BC /* SceneDelegate.swift */ = {isa = PBXFileReference; lastKnownFileType = sourcecode.swift; path = SceneDelegate.swift; sourceTree = "<group>"; };
		D391E11A2CB172D9002071BC /* Assets.xcassets */ = {isa = PBXFileReference; lastKnownFileType = folder.assetcatalog; path = Assets.xcassets; sourceTree = "<group>"; };
		D391E11D2CB172D9002071BC /* Base */ = {isa = PBXFileReference; lastKnownFileType = file.storyboard; name = Base; path = Base.lproj/LaunchScreen.storyboard; sourceTree = "<group>"; };
		D391E11F2CB172D9002071BC /* Info.plist */ = {isa = PBXFileReference; lastKnownFileType = text.plist.xml; path = Info.plist; sourceTree = "<group>"; };
		D391E1242CB172D9002071BC /* eCommerce-REST-APITests.xctest */ = {isa = PBXFileReference; explicitFileType = wrapper.cfbundle; includeInIndex = 0; path = "eCommerce-REST-APITests.xctest"; sourceTree = BUILT_PRODUCTS_DIR; };
		D391E1282CB172D9002071BC /* eCommerce_REST_APITests.swift */ = {isa = PBXFileReference; lastKnownFileType = sourcecode.swift; path = eCommerce_REST_APITests.swift; sourceTree = "<group>"; };
		D391E12E2CB172D9002071BC /* eCommerce-REST-APIUITests.xctest */ = {isa = PBXFileReference; explicitFileType = wrapper.cfbundle; includeInIndex = 0; path = "eCommerce-REST-APIUITests.xctest"; sourceTree = BUILT_PRODUCTS_DIR; };
		D391E1322CB172D9002071BC /* eCommerce_REST_APIUITests.swift */ = {isa = PBXFileReference; lastKnownFileType = sourcecode.swift; path = eCommerce_REST_APIUITests.swift; sourceTree = "<group>"; };
		D391E1342CB172D9002071BC /* eCommerce_REST_APIUITestsLaunchTests.swift */ = {isa = PBXFileReference; lastKnownFileType = sourcecode.swift; path = eCommerce_REST_APIUITestsLaunchTests.swift; sourceTree = "<group>"; };
		D391E1422CB17625002071BC /* MainTabBarController.swift */ = {isa = PBXFileReference; lastKnownFileType = sourcecode.swift; path = MainTabBarController.swift; sourceTree = "<group>"; };
		D391E1442CB17678002071BC /* ProductViewController.swift */ = {isa = PBXFileReference; lastKnownFileType = sourcecode.swift; path = ProductViewController.swift; sourceTree = "<group>"; };
		D3D0AF2C2CB7B98800F63A01 /* Images.swift */ = {isa = PBXFileReference; lastKnownFileType = sourcecode.swift; path = Images.swift; sourceTree = "<group>"; };
		D3D0AF2E2CB7B98F00F63A01 /* Colors.swift */ = {isa = PBXFileReference; lastKnownFileType = sourcecode.swift; path = Colors.swift; sourceTree = "<group>"; };
		D3D0AF302CB7BD5E00F63A01 /* NetworkingManager.swift */ = {isa = PBXFileReference; lastKnownFileType = sourcecode.swift; path = NetworkingManager.swift; sourceTree = "<group>"; };
		D3D0AF362CB7C7AE00F63A01 /* ProductCollectionViewCell.swift */ = {isa = PBXFileReference; lastKnownFileType = sourcecode.swift; path = ProductCollectionViewCell.swift; sourceTree = "<group>"; };
/* End PBXFileReference section */

/* Begin PBXFrameworksBuildPhase section */
		D391E10B2CB172D7002071BC /* Frameworks */ = {
			isa = PBXFrameworksBuildPhase;
			buildActionMask = 2147483647;
			files = (
				D3D0AF352CB7C6E400F63A01 /* Kingfisher in Frameworks */,
			);
			runOnlyForDeploymentPostprocessing = 0;
		};
		D391E1212CB172D9002071BC /* Frameworks */ = {
			isa = PBXFrameworksBuildPhase;
			buildActionMask = 2147483647;
			files = (
			);
			runOnlyForDeploymentPostprocessing = 0;
		};
		D391E12B2CB172D9002071BC /* Frameworks */ = {
			isa = PBXFrameworksBuildPhase;
			buildActionMask = 2147483647;
			files = (
			);
			runOnlyForDeploymentPostprocessing = 0;
		};
/* End PBXFrameworksBuildPhase section */

/* Begin PBXGroup section */
		D391E1052CB172D7002071BC = {
			isa = PBXGroup;
			children = (
				D391E1102CB172D7002071BC /* eCommerce-REST-API */,
				D391E1272CB172D9002071BC /* eCommerce-REST-APITests */,
				D391E1312CB172D9002071BC /* eCommerce-REST-APIUITests */,
				D391E10F2CB172D7002071BC /* Products */,
			);
			sourceTree = "<group>";
		};
		D391E10F2CB172D7002071BC /* Products */ = {
			isa = PBXGroup;
			children = (
				D391E10E2CB172D7002071BC /* eCommerce-REST-API.app */,
				D391E1242CB172D9002071BC /* eCommerce-REST-APITests.xctest */,
				D391E12E2CB172D9002071BC /* eCommerce-REST-APIUITests.xctest */,
			);
			name = Products;
			sourceTree = "<group>";
		};
		D391E1102CB172D7002071BC /* eCommerce-REST-API */ = {
			isa = PBXGroup;
			children = (
				D391E1412CB17578002071BC /* Supporting Files */,
				D3D0AF382CB7E71100F63A01 /* Managers */,
				D3D0AF322CB7C28B00F63A01 /* Materials */,
				D391E11F2CB172D9002071BC /* Info.plist */,
				D391E1422CB17625002071BC /* MainTabBarController.swift */,
				D391E1442CB17678002071BC /* ProductViewController.swift */,
				D3D0AF362CB7C7AE00F63A01 /* ProductCollectionViewCell.swift */,
			);
			path = "eCommerce-REST-API";
			sourceTree = "<group>";
		};
		D391E1272CB172D9002071BC /* eCommerce-REST-APITests */ = {
			isa = PBXGroup;
			children = (
				D391E1282CB172D9002071BC /* eCommerce_REST_APITests.swift */,
			);
			path = "eCommerce-REST-APITests";
			sourceTree = "<group>";
		};
		D391E1312CB172D9002071BC /* eCommerce-REST-APIUITests */ = {
			isa = PBXGroup;
			children = (
				D391E1322CB172D9002071BC /* eCommerce_REST_APIUITests.swift */,
				D391E1342CB172D9002071BC /* eCommerce_REST_APIUITestsLaunchTests.swift */,
			);
			path = "eCommerce-REST-APIUITests";
			sourceTree = "<group>";
		};
		D391E1412CB17578002071BC /* Supporting Files */ = {
			isa = PBXGroup;
			children = (
				D391E11A2CB172D9002071BC /* Assets.xcassets */,
				D391E1112CB172D7002071BC /* AppDelegate.swift */,
				D391E1132CB172D7002071BC /* SceneDelegate.swift */,
				D391E11C2CB172D9002071BC /* LaunchScreen.storyboard */,
			);
			path = "Supporting Files";
			sourceTree = "<group>";
		};
		D3D0AF322CB7C28B00F63A01 /* Materials */ = {
			isa = PBXGroup;
			children = (
				D3D0AF2C2CB7B98800F63A01 /* Images.swift */,
				D3D0AF2E2CB7B98F00F63A01 /* Colors.swift */,
			);
			path = Materials;
			sourceTree = "<group>";
		};
		D3D0AF382CB7E71100F63A01 /* Managers */ = {
			isa = PBXGroup;
			children = (
				D3D0AF302CB7BD5E00F63A01 /* NetworkingManager.swift */,
			);
			path = Managers;
			sourceTree = "<group>";
		};
/* End PBXGroup section */

/* Begin PBXNativeTarget section */
		D391E10D2CB172D7002071BC /* eCommerce-REST-API */ = {
			isa = PBXNativeTarget;
			buildConfigurationList = D391E1382CB172D9002071BC /* Build configuration list for PBXNativeTarget "eCommerce-REST-API" */;
			buildPhases = (
				D391E10A2CB172D7002071BC /* Sources */,
				D391E10B2CB172D7002071BC /* Frameworks */,
				D391E10C2CB172D7002071BC /* Resources */,
			);
			buildRules = (
			);
			dependencies = (
			);
			name = "eCommerce-REST-API";
			packageProductDependencies = (
				D3D0AF342CB7C6E400F63A01 /* Kingfisher */,
			);
			productName = "eCommerce-REST-API";
			productReference = D391E10E2CB172D7002071BC /* eCommerce-REST-API.app */;
			productType = "com.apple.product-type.application";
		};
		D391E1232CB172D9002071BC /* eCommerce-REST-APITests */ = {
			isa = PBXNativeTarget;
			buildConfigurationList = D391E13B2CB172D9002071BC /* Build configuration list for PBXNativeTarget "eCommerce-REST-APITests" */;
			buildPhases = (
				D391E1202CB172D9002071BC /* Sources */,
				D391E1212CB172D9002071BC /* Frameworks */,
				D391E1222CB172D9002071BC /* Resources */,
			);
			buildRules = (
			);
			dependencies = (
				D391E1262CB172D9002071BC /* PBXTargetDependency */,
			);
			name = "eCommerce-REST-APITests";
			productName = "eCommerce-REST-APITests";
			productReference = D391E1242CB172D9002071BC /* eCommerce-REST-APITests.xctest */;
			productType = "com.apple.product-type.bundle.unit-test";
		};
		D391E12D2CB172D9002071BC /* eCommerce-REST-APIUITests */ = {
			isa = PBXNativeTarget;
			buildConfigurationList = D391E13E2CB172D9002071BC /* Build configuration list for PBXNativeTarget "eCommerce-REST-APIUITests" */;
			buildPhases = (
				D391E12A2CB172D9002071BC /* Sources */,
				D391E12B2CB172D9002071BC /* Frameworks */,
				D391E12C2CB172D9002071BC /* Resources */,
			);
			buildRules = (
			);
			dependencies = (
				D391E1302CB172D9002071BC /* PBXTargetDependency */,
			);
			name = "eCommerce-REST-APIUITests";
			productName = "eCommerce-REST-APIUITests";
			productReference = D391E12E2CB172D9002071BC /* eCommerce-REST-APIUITests.xctest */;
			productType = "com.apple.product-type.bundle.ui-testing";
		};
/* End PBXNativeTarget section */

/* Begin PBXProject section */
		D391E1062CB172D7002071BC /* Project object */ = {
			isa = PBXProject;
			attributes = {
				BuildIndependentTargetsInParallel = 1;
				LastSwiftUpdateCheck = 1520;
				LastUpgradeCheck = 1520;
				TargetAttributes = {
					D391E10D2CB172D7002071BC = {
						CreatedOnToolsVersion = 15.2;
					};
					D391E1232CB172D9002071BC = {
						CreatedOnToolsVersion = 15.2;
						TestTargetID = D391E10D2CB172D7002071BC;
					};
					D391E12D2CB172D9002071BC = {
						CreatedOnToolsVersion = 15.2;
						TestTargetID = D391E10D2CB172D7002071BC;
					};
				};
			};
			buildConfigurationList = D391E1092CB172D7002071BC /* Build configuration list for PBXProject "eCommerce-REST-API" */;
			compatibilityVersion = "Xcode 14.0";
			developmentRegion = en;
			hasScannedForEncodings = 0;
			knownRegions = (
				en,
				Base,
			);
			mainGroup = D391E1052CB172D7002071BC;
			packageReferences = (
				D3D0AF332CB7C6E400F63A01 /* XCRemoteSwiftPackageReference "Kingfisher" */,
			);
			productRefGroup = D391E10F2CB172D7002071BC /* Products */;
			projectDirPath = "";
			projectRoot = "";
			targets = (
				D391E10D2CB172D7002071BC /* eCommerce-REST-API */,
				D391E1232CB172D9002071BC /* eCommerce-REST-APITests */,
				D391E12D2CB172D9002071BC /* eCommerce-REST-APIUITests */,
			);
		};
/* End PBXProject section */

/* Begin PBXResourcesBuildPhase section */
		D391E10C2CB172D7002071BC /* Resources */ = {
			isa = PBXResourcesBuildPhase;
			buildActionMask = 2147483647;
			files = (
				D391E11E2CB172D9002071BC /* LaunchScreen.storyboard in Resources */,
				D391E11B2CB172D9002071BC /* Assets.xcassets in Resources */,
			);
			runOnlyForDeploymentPostprocessing = 0;
		};
		D391E1222CB172D9002071BC /* Resources */ = {
			isa = PBXResourcesBuildPhase;
			buildActionMask = 2147483647;
			files = (
			);
			runOnlyForDeploymentPostprocessing = 0;
		};
		D391E12C2CB172D9002071BC /* Resources */ = {
			isa = PBXResourcesBuildPhase;
			buildActionMask = 2147483647;
			files = (
			);
			runOnlyForDeploymentPostprocessing = 0;
		};
/* End PBXResourcesBuildPhase section */

/* Begin PBXSourcesBuildPhase section */
		D391E10A2CB172D7002071BC /* Sources */ = {
			isa = PBXSourcesBuildPhase;
			buildActionMask = 2147483647;
			files = (
				D391E1122CB172D7002071BC /* AppDelegate.swift in Sources */,
				D3D0AF2D2CB7B98800F63A01 /* Images.swift in Sources */,
				D3D0AF372CB7C7AE00F63A01 /* ProductCollectionViewCell.swift in Sources */,
				D391E1142CB172D7002071BC /* SceneDelegate.swift in Sources */,
				D3D0AF2F2CB7B98F00F63A01 /* Colors.swift in Sources */,
				D3D0AF312CB7BD5E00F63A01 /* NetworkingManager.swift in Sources */,
				D391E1452CB17678002071BC /* ProductViewController.swift in Sources */,
				D391E1432CB17625002071BC /* MainTabBarController.swift in Sources */,
			);
			runOnlyForDeploymentPostprocessing = 0;
		};
		D391E1202CB172D9002071BC /* Sources */ = {
			isa = PBXSourcesBuildPhase;
			buildActionMask = 2147483647;
			files = (
				D391E1292CB172D9002071BC /* eCommerce_REST_APITests.swift in Sources */,
			);
			runOnlyForDeploymentPostprocessing = 0;
		};
		D391E12A2CB172D9002071BC /* Sources */ = {
			isa = PBXSourcesBuildPhase;
			buildActionMask = 2147483647;
			files = (
				D391E1352CB172D9002071BC /* eCommerce_REST_APIUITestsLaunchTests.swift in Sources */,
				D391E1332CB172D9002071BC /* eCommerce_REST_APIUITests.swift in Sources */,
			);
			runOnlyForDeploymentPostprocessing = 0;
		};
/* End PBXSourcesBuildPhase section */

/* Begin PBXTargetDependency section */
		D391E1262CB172D9002071BC /* PBXTargetDependency */ = {
			isa = PBXTargetDependency;
			target = D391E10D2CB172D7002071BC /* eCommerce-REST-API */;
			targetProxy = D391E1252CB172D9002071BC /* PBXContainerItemProxy */;
		};
		D391E1302CB172D9002071BC /* PBXTargetDependency */ = {
			isa = PBXTargetDependency;
			target = D391E10D2CB172D7002071BC /* eCommerce-REST-API */;
			targetProxy = D391E12F2CB172D9002071BC /* PBXContainerItemProxy */;
		};
/* End PBXTargetDependency section */

/* Begin PBXVariantGroup section */
		D391E11C2CB172D9002071BC /* LaunchScreen.storyboard */ = {
			isa = PBXVariantGroup;
			children = (
				D391E11D2CB172D9002071BC /* Base */,
			);
			name = LaunchScreen.storyboard;
			sourceTree = "<group>";
		};
/* End PBXVariantGroup section */

/* Begin XCBuildConfiguration section */
		D391E1362CB172D9002071BC /* Debug */ = {
			isa = XCBuildConfiguration;
			buildSettings = {
				ALWAYS_SEARCH_USER_PATHS = NO;
				ASSETCATALOG_COMPILER_GENERATE_SWIFT_ASSET_SYMBOL_EXTENSIONS = YES;
				CLANG_ANALYZER_NONNULL = YES;
				CLANG_ANALYZER_NUMBER_OBJECT_CONVERSION = YES_AGGRESSIVE;
				CLANG_CXX_LANGUAGE_STANDARD = "gnu++20";
				CLANG_ENABLE_MODULES = YES;
				CLANG_ENABLE_OBJC_ARC = YES;
				CLANG_ENABLE_OBJC_WEAK = YES;
				CLANG_WARN_BLOCK_CAPTURE_AUTORELEASING = YES;
				CLANG_WARN_BOOL_CONVERSION = YES;
				CLANG_WARN_COMMA = YES;
				CLANG_WARN_CONSTANT_CONVERSION = YES;
				CLANG_WARN_DEPRECATED_OBJC_IMPLEMENTATIONS = YES;
				CLANG_WARN_DIRECT_OBJC_ISA_USAGE = YES_ERROR;
				CLANG_WARN_DOCUMENTATION_COMMENTS = YES;
				CLANG_WARN_EMPTY_BODY = YES;
				CLANG_WARN_ENUM_CONVERSION = YES;
				CLANG_WARN_INFINITE_RECURSION = YES;
				CLANG_WARN_INT_CONVERSION = YES;
				CLANG_WARN_NON_LITERAL_NULL_CONVERSION = YES;
				CLANG_WARN_OBJC_IMPLICIT_RETAIN_SELF = YES;
				CLANG_WARN_OBJC_LITERAL_CONVERSION = YES;
				CLANG_WARN_OBJC_ROOT_CLASS = YES_ERROR;
				CLANG_WARN_QUOTED_INCLUDE_IN_FRAMEWORK_HEADER = YES;
				CLANG_WARN_RANGE_LOOP_ANALYSIS = YES;
				CLANG_WARN_STRICT_PROTOTYPES = YES;
				CLANG_WARN_SUSPICIOUS_MOVE = YES;
				CLANG_WARN_UNGUARDED_AVAILABILITY = YES_AGGRESSIVE;
				CLANG_WARN_UNREACHABLE_CODE = YES;
				CLANG_WARN__DUPLICATE_METHOD_MATCH = YES;
				COPY_PHASE_STRIP = NO;
				DEBUG_INFORMATION_FORMAT = dwarf;
				ENABLE_STRICT_OBJC_MSGSEND = YES;
				ENABLE_TESTABILITY = YES;
				ENABLE_USER_SCRIPT_SANDBOXING = YES;
				GCC_C_LANGUAGE_STANDARD = gnu17;
				GCC_DYNAMIC_NO_PIC = NO;
				GCC_NO_COMMON_BLOCKS = YES;
				GCC_OPTIMIZATION_LEVEL = 0;
				GCC_PREPROCESSOR_DEFINITIONS = (
					"DEBUG=1",
					"$(inherited)",
				);
				GCC_WARN_64_TO_32_BIT_CONVERSION = YES;
				GCC_WARN_ABOUT_RETURN_TYPE = YES_ERROR;
				GCC_WARN_UNDECLARED_SELECTOR = YES;
				GCC_WARN_UNINITIALIZED_AUTOS = YES_AGGRESSIVE;
				GCC_WARN_UNUSED_FUNCTION = YES;
				GCC_WARN_UNUSED_VARIABLE = YES;
				IPHONEOS_DEPLOYMENT_TARGET = 17.2;
				LOCALIZATION_PREFERS_STRING_CATALOGS = YES;
				MTL_ENABLE_DEBUG_INFO = INCLUDE_SOURCE;
				MTL_FAST_MATH = YES;
				ONLY_ACTIVE_ARCH = YES;
				SDKROOT = iphoneos;
				SWIFT_ACTIVE_COMPILATION_CONDITIONS = "DEBUG $(inherited)";
				SWIFT_OPTIMIZATION_LEVEL = "-Onone";
			};
			name = Debug;
		};
		D391E1372CB172D9002071BC /* Release */ = {
			isa = XCBuildConfiguration;
			buildSettings = {
				ALWAYS_SEARCH_USER_PATHS = NO;
				ASSETCATALOG_COMPILER_GENERATE_SWIFT_ASSET_SYMBOL_EXTENSIONS = YES;
				CLANG_ANALYZER_NONNULL = YES;
				CLANG_ANALYZER_NUMBER_OBJECT_CONVERSION = YES_AGGRESSIVE;
				CLANG_CXX_LANGUAGE_STANDARD = "gnu++20";
				CLANG_ENABLE_MODULES = YES;
				CLANG_ENABLE_OBJC_ARC = YES;
				CLANG_ENABLE_OBJC_WEAK = YES;
				CLANG_WARN_BLOCK_CAPTURE_AUTORELEASING = YES;
				CLANG_WARN_BOOL_CONVERSION = YES;
				CLANG_WARN_COMMA = YES;
				CLANG_WARN_CONSTANT_CONVERSION = YES;
				CLANG_WARN_DEPRECATED_OBJC_IMPLEMENTATIONS = YES;
				CLANG_WARN_DIRECT_OBJC_ISA_USAGE = YES_ERROR;
				CLANG_WARN_DOCUMENTATION_COMMENTS = YES;
				CLANG_WARN_EMPTY_BODY = YES;
				CLANG_WARN_ENUM_CONVERSION = YES;
				CLANG_WARN_INFINITE_RECURSION = YES;
				CLANG_WARN_INT_CONVERSION = YES;
				CLANG_WARN_NON_LITERAL_NULL_CONVERSION = YES;
				CLANG_WARN_OBJC_IMPLICIT_RETAIN_SELF = YES;
				CLANG_WARN_OBJC_LITERAL_CONVERSION = YES;
				CLANG_WARN_OBJC_ROOT_CLASS = YES_ERROR;
				CLANG_WARN_QUOTED_INCLUDE_IN_FRAMEWORK_HEADER = YES;
				CLANG_WARN_RANGE_LOOP_ANALYSIS = YES;
				CLANG_WARN_STRICT_PROTOTYPES = YES;
				CLANG_WARN_SUSPICIOUS_MOVE = YES;
				CLANG_WARN_UNGUARDED_AVAILABILITY = YES_AGGRESSIVE;
				CLANG_WARN_UNREACHABLE_CODE = YES;
				CLANG_WARN__DUPLICATE_METHOD_MATCH = YES;
				COPY_PHASE_STRIP = NO;
				DEBUG_INFORMATION_FORMAT = "dwarf-with-dsym";
				ENABLE_NS_ASSERTIONS = NO;
				ENABLE_STRICT_OBJC_MSGSEND = YES;
				ENABLE_USER_SCRIPT_SANDBOXING = YES;
				GCC_C_LANGUAGE_STANDARD = gnu17;
				GCC_NO_COMMON_BLOCKS = YES;
				GCC_WARN_64_TO_32_BIT_CONVERSION = YES;
				GCC_WARN_ABOUT_RETURN_TYPE = YES_ERROR;
				GCC_WARN_UNDECLARED_SELECTOR = YES;
				GCC_WARN_UNINITIALIZED_AUTOS = YES_AGGRESSIVE;
				GCC_WARN_UNUSED_FUNCTION = YES;
				GCC_WARN_UNUSED_VARIABLE = YES;
				IPHONEOS_DEPLOYMENT_TARGET = 17.2;
				LOCALIZATION_PREFERS_STRING_CATALOGS = YES;
				MTL_ENABLE_DEBUG_INFO = NO;
				MTL_FAST_MATH = YES;
				SDKROOT = iphoneos;
				SWIFT_COMPILATION_MODE = wholemodule;
				VALIDATE_PRODUCT = YES;
			};
			name = Release;
		};
		D391E1392CB172D9002071BC /* Debug */ = {
			isa = XCBuildConfiguration;
			buildSettings = {
				ASSETCATALOG_COMPILER_APPICON_NAME = AppIcon;
				ASSETCATALOG_COMPILER_GLOBAL_ACCENT_COLOR_NAME = AccentColor;
				CODE_SIGN_STYLE = Automatic;
				CURRENT_PROJECT_VERSION = 1;
				DEVELOPMENT_TEAM = 7NJ9W73ML8;
				GENERATE_INFOPLIST_FILE = YES;
				INFOPLIST_FILE = "eCommerce-REST-API/Info.plist";
				INFOPLIST_KEY_UIApplicationSupportsIndirectInputEvents = YES;
				INFOPLIST_KEY_UILaunchStoryboardName = LaunchScreen;
				INFOPLIST_KEY_UISupportedInterfaceOrientations_iPad = "UIInterfaceOrientationPortrait UIInterfaceOrientationPortraitUpsideDown UIInterfaceOrientationLandscapeLeft UIInterfaceOrientationLandscapeRight";
				INFOPLIST_KEY_UISupportedInterfaceOrientations_iPhone = "UIInterfaceOrientationPortrait UIInterfaceOrientationLandscapeLeft UIInterfaceOrientationLandscapeRight";
				LD_RUNPATH_SEARCH_PATHS = (
					"$(inherited)",
					"@executable_path/Frameworks",
				);
				MARKETING_VERSION = 1.0;
				PRODUCT_BUNDLE_IDENTIFIER = "daweihao.eCommerce-REST-API";
				PRODUCT_NAME = "$(TARGET_NAME)";
				SWIFT_EMIT_LOC_STRINGS = YES;
				SWIFT_VERSION = 5.0;
				TARGETED_DEVICE_FAMILY = "1,2";
			};
			name = Debug;
		};
		D391E13A2CB172D9002071BC /* Release */ = {
			isa = XCBuildConfiguration;
			buildSettings = {
				ASSETCATALOG_COMPILER_APPICON_NAME = AppIcon;
				ASSETCATALOG_COMPILER_GLOBAL_ACCENT_COLOR_NAME = AccentColor;
				CODE_SIGN_STYLE = Automatic;
				CURRENT_PROJECT_VERSION = 1;
				DEVELOPMENT_TEAM = 7NJ9W73ML8;
				GENERATE_INFOPLIST_FILE = YES;
				INFOPLIST_FILE = "eCommerce-REST-API/Info.plist";
				INFOPLIST_KEY_UIApplicationSupportsIndirectInputEvents = YES;
				INFOPLIST_KEY_UILaunchStoryboardName = LaunchScreen;
				INFOPLIST_KEY_UISupportedInterfaceOrientations_iPad = "UIInterfaceOrientationPortrait UIInterfaceOrientationPortraitUpsideDown UIInterfaceOrientationLandscapeLeft UIInterfaceOrientationLandscapeRight";
				INFOPLIST_KEY_UISupportedInterfaceOrientations_iPhone = "UIInterfaceOrientationPortrait UIInterfaceOrientationLandscapeLeft UIInterfaceOrientationLandscapeRight";
				LD_RUNPATH_SEARCH_PATHS = (
					"$(inherited)",
					"@executable_path/Frameworks",
				);
				MARKETING_VERSION = 1.0;
				PRODUCT_BUNDLE_IDENTIFIER = "daweihao.eCommerce-REST-API";
				PRODUCT_NAME = "$(TARGET_NAME)";
				SWIFT_EMIT_LOC_STRINGS = YES;
				SWIFT_VERSION = 5.0;
				TARGETED_DEVICE_FAMILY = "1,2";
			};
			name = Release;
		};
		D391E13C2CB172D9002071BC /* Debug */ = {
			isa = XCBuildConfiguration;
			buildSettings = {
				ALWAYS_EMBED_SWIFT_STANDARD_LIBRARIES = YES;
				BUNDLE_LOADER = "$(TEST_HOST)";
				CODE_SIGN_STYLE = Automatic;
				CURRENT_PROJECT_VERSION = 1;
				DEVELOPMENT_TEAM = 7NJ9W73ML8;
				GENERATE_INFOPLIST_FILE = YES;
				IPHONEOS_DEPLOYMENT_TARGET = 17.2;
				MARKETING_VERSION = 1.0;
				PRODUCT_BUNDLE_IDENTIFIER = "daweihao.eCommerce-REST-APITests";
				PRODUCT_NAME = "$(TARGET_NAME)";
				SWIFT_EMIT_LOC_STRINGS = NO;
				SWIFT_VERSION = 5.0;
				TARGETED_DEVICE_FAMILY = "1,2";
				TEST_HOST = "$(BUILT_PRODUCTS_DIR)/eCommerce-REST-API.app/$(BUNDLE_EXECUTABLE_FOLDER_PATH)/eCommerce-REST-API";
			};
			name = Debug;
		};
		D391E13D2CB172D9002071BC /* Release */ = {
			isa = XCBuildConfiguration;
			buildSettings = {
				ALWAYS_EMBED_SWIFT_STANDARD_LIBRARIES = YES;
				BUNDLE_LOADER = "$(TEST_HOST)";
				CODE_SIGN_STYLE = Automatic;
				CURRENT_PROJECT_VERSION = 1;
				DEVELOPMENT_TEAM = 7NJ9W73ML8;
				GENERATE_INFOPLIST_FILE = YES;
				IPHONEOS_DEPLOYMENT_TARGET = 17.2;
				MARKETING_VERSION = 1.0;
				PRODUCT_BUNDLE_IDENTIFIER = "daweihao.eCommerce-REST-APITests";
				PRODUCT_NAME = "$(TARGET_NAME)";
				SWIFT_EMIT_LOC_STRINGS = NO;
				SWIFT_VERSION = 5.0;
				TARGETED_DEVICE_FAMILY = "1,2";
				TEST_HOST = "$(BUILT_PRODUCTS_DIR)/eCommerce-REST-API.app/$(BUNDLE_EXECUTABLE_FOLDER_PATH)/eCommerce-REST-API";
			};
			name = Release;
		};
		D391E13F2CB172D9002071BC /* Debug */ = {
			isa = XCBuildConfiguration;
			buildSettings = {
				ALWAYS_EMBED_SWIFT_STANDARD_LIBRARIES = YES;
				CODE_SIGN_STYLE = Automatic;
				CURRENT_PROJECT_VERSION = 1;
				DEVELOPMENT_TEAM = 7NJ9W73ML8;
				GENERATE_INFOPLIST_FILE = YES;
				MARKETING_VERSION = 1.0;
				PRODUCT_BUNDLE_IDENTIFIER = "daweihao.eCommerce-REST-APIUITests";
				PRODUCT_NAME = "$(TARGET_NAME)";
				SWIFT_EMIT_LOC_STRINGS = NO;
				SWIFT_VERSION = 5.0;
				TARGETED_DEVICE_FAMILY = "1,2";
				TEST_TARGET_NAME = "eCommerce-REST-API";
			};
			name = Debug;
		};
		D391E1402CB172D9002071BC /* Release */ = {
			isa = XCBuildConfiguration;
			buildSettings = {
				ALWAYS_EMBED_SWIFT_STANDARD_LIBRARIES = YES;
				CODE_SIGN_STYLE = Automatic;
				CURRENT_PROJECT_VERSION = 1;
				DEVELOPMENT_TEAM = 7NJ9W73ML8;
				GENERATE_INFOPLIST_FILE = YES;
				MARKETING_VERSION = 1.0;
				PRODUCT_BUNDLE_IDENTIFIER = "daweihao.eCommerce-REST-APIUITests";
				PRODUCT_NAME = "$(TARGET_NAME)";
				SWIFT_EMIT_LOC_STRINGS = NO;
				SWIFT_VERSION = 5.0;
				TARGETED_DEVICE_FAMILY = "1,2";
				TEST_TARGET_NAME = "eCommerce-REST-API";
			};
			name = Release;
		};
/* End XCBuildConfiguration section */

/* Begin XCConfigurationList section */
		D391E1092CB172D7002071BC /* Build configuration list for PBXProject "eCommerce-REST-API" */ = {
			isa = XCConfigurationList;
			buildConfigurations = (
				D391E1362CB172D9002071BC /* Debug */,
				D391E1372CB172D9002071BC /* Release */,
			);
			defaultConfigurationIsVisible = 0;
			defaultConfigurationName = Release;
		};
		D391E1382CB172D9002071BC /* Build configuration list for PBXNativeTarget "eCommerce-REST-API" */ = {
			isa = XCConfigurationList;
			buildConfigurations = (
				D391E1392CB172D9002071BC /* Debug */,
				D391E13A2CB172D9002071BC /* Release */,
			);
			defaultConfigurationIsVisible = 0;
			defaultConfigurationName = Release;
		};
		D391E13B2CB172D9002071BC /* Build configuration list for PBXNativeTarget "eCommerce-REST-APITests" */ = {
			isa = XCConfigurationList;
			buildConfigurations = (
				D391E13C2CB172D9002071BC /* Debug */,
				D391E13D2CB172D9002071BC /* Release */,
			);
			defaultConfigurationIsVisible = 0;
			defaultConfigurationName = Release;
		};
		D391E13E2CB172D9002071BC /* Build configuration list for PBXNativeTarget "eCommerce-REST-APIUITests" */ = {
			isa = XCConfigurationList;
			buildConfigurations = (
				D391E13F2CB172D9002071BC /* Debug */,
				D391E1402CB172D9002071BC /* Release */,
			);
			defaultConfigurationIsVisible = 0;
			defaultConfigurationName = Release;
		};
/* End XCConfigurationList section */

/* Begin XCRemoteSwiftPackageReference section */
		D3D0AF332CB7C6E400F63A01 /* XCRemoteSwiftPackageReference "Kingfisher" */ = {
			isa = XCRemoteSwiftPackageReference;
			repositoryURL = "https://github.com/onevcat/Kingfisher";
			requirement = {
				kind = upToNextMajorVersion;
				minimumVersion = 8.0.3;
			};
		};
/* End XCRemoteSwiftPackageReference section */

/* Begin XCSwiftPackageProductDependency section */
		D3D0AF342CB7C6E400F63A01 /* Kingfisher */ = {
			isa = XCSwiftPackageProductDependency;
			package = D3D0AF332CB7C6E400F63A01 /* XCRemoteSwiftPackageReference "Kingfisher" */;
			productName = Kingfisher;
		};
/* End XCSwiftPackageProductDependency section */
	};
	rootObject = D391E1062CB172D7002071BC /* Project object */;
}
